// !$*UTF8*$!
{
	archiveVersion = 1;
	classes = {
	};
	objectVersion = 46;
	objects = {

/* Begin PBXBuildFile section */
		E43D654A1D786E85004BCC16 /* AppDelegate.swift in Sources */ = {isa = PBXBuildFile; fileRef = E43D65491D786E85004BCC16 /* AppDelegate.swift */; };
		E43D654C1D786E85004BCC16 /* ViewController.swift in Sources */ = {isa = PBXBuildFile; fileRef = E43D654B1D786E85004BCC16 /* ViewController.swift */; };
		E43D654F1D786E85004BCC16 /* Main.storyboard in Resources */ = {isa = PBXBuildFile; fileRef = E43D654D1D786E85004BCC16 /* Main.storyboard */; };
		E43D65511D786E85004BCC16 /* Assets.xcassets in Resources */ = {isa = PBXBuildFile; fileRef = E43D65501D786E85004BCC16 /* Assets.xcassets */; };
		E43D65541D786E85004BCC16 /* LaunchScreen.storyboard in Resources */ = {isa = PBXBuildFile; fileRef = E43D65521D786E85004BCC16 /* LaunchScreen.storyboard */; };
		E43D655F1D786E85004BCC16 /* ChatKeyboardTests.swift in Sources */ = {isa = PBXBuildFile; fileRef = E43D655E1D786E85004BCC16 /* ChatKeyboardTests.swift */; };
/* End PBXBuildFile section */

/* Begin PBXContainerItemProxy section */
		E43D655B1D786E85004BCC16 /* PBXContainerItemProxy */ = {
			isa = PBXContainerItemProxy;
			containerPortal = E43D653E1D786E85004BCC16 /* Project object */;
			proxyType = 1;
			remoteGlobalIDString = E43D65451D786E85004BCC16;
			remoteInfo = ChatKeyboard;
		};
/* End PBXContainerItemProxy section */

/* Begin PBXFileReference section */
		E43D65461D786E85004BCC16 /* ChatKeyboard.app */ = {isa = PBXFileReference; explicitFileType = wrapper.application; includeInIndex = 0; path = ChatKeyboard.app; sourceTree = BUILT_PRODUCTS_DIR; };
		E43D65491D786E85004BCC16 /* AppDelegate.swift */ = {isa = PBXFileReference; lastKnownFileType = sourcecode.swift; path = AppDelegate.swift; sourceTree = "<group>"; };
		E43D654B1D786E85004BCC16 /* ViewController.swift */ = {isa = PBXFileReference; lastKnownFileType = sourcecode.swift; path = ViewController.swift; sourceTree = "<group>"; };
		E43D654E1D786E85004BCC16 /* Base */ = {isa = PBXFileReference; lastKnownFileType = file.storyboard; name = Base; path = Base.lproj/Main.storyboard; sourceTree = "<group>"; };
		E43D65501D786E85004BCC16 /* Assets.xcassets */ = {isa = PBXFileReference; lastKnownFileType = folder.assetcatalog; path = Assets.xcassets; sourceTree = "<group>"; };
		E43D65531D786E85004BCC16 /* Base */ = {isa = PBXFileReference; lastKnownFileType = file.storyboard; name = Base; path = Base.lproj/LaunchScreen.storyboard; sourceTree = "<group>"; };
		E43D65551D786E85004BCC16 /* Info.plist */ = {isa = PBXFileReference; lastKnownFileType = text.plist.xml; path = Info.plist; sourceTree = "<group>"; };
		E43D655A1D786E85004BCC16 /* ChatKeyboardTests.xctest */ = {isa = PBXFileReference; explicitFileType = wrapper.cfbundle; includeInIndex = 0; path = ChatKeyboardTests.xctest; sourceTree = BUILT_PRODUCTS_DIR; };
		E43D655E1D786E85004BCC16 /* ChatKeyboardTests.swift */ = {isa = PBXFileReference; lastKnownFileType = sourcecode.swift; path = ChatKeyboardTests.swift; sourceTree = "<group>"; };
		E43D65601D786E85004BCC16 /* Info.plist */ = {isa = PBXFileReference; lastKnownFileType = text.plist.xml; path = Info.plist; sourceTree = "<group>"; };
/* End PBXFileReference section */

/* Begin PBXFrameworksBuildPhase section */
		E43D65431D786E85004BCC16 /* Frameworks */ = {
			isa = PBXFrameworksBuildPhase;
			buildActionMask = 2147483647;
			files = (
			);
			runOnlyForDeploymentPostprocessing = 0;
		};
		E43D65571D786E85004BCC16 /* Frameworks */ = {
			isa = PBXFrameworksBuildPhase;
			buildActionMask = 2147483647;
			files = (
			);
			runOnlyForDeploymentPostprocessing = 0;
		};
/* End PBXFrameworksBuildPhase section */

/* Begin PBXGroup section */
		E43D653D1D786E85004BCC16 = {
			isa = PBXGroup;
			children = (
				E43D65481D786E85004BCC16 /* ChatKeyboard */,
				E43D655D1D786E85004BCC16 /* ChatKeyboardTests */,
				E43D65471D786E85004BCC16 /* Products */,
			);
			sourceTree = "<group>";
		};
		E43D65471D786E85004BCC16 /* Products */ = {
			isa = PBXGroup;
			children = (
				E43D65461D786E85004BCC16 /* ChatKeyboard.app */,
				E43D655A1D786E85004BCC16 /* ChatKeyboardTests.xctest */,
			);
			name = Products;
			sourceTree = "<group>";
		};
		E43D65481D786E85004BCC16 /* ChatKeyboard */ = {
			isa = PBXGroup;
			children = (
				E43D65491D786E85004BCC16 /* AppDelegate.swift */,
				E43D654B1D786E85004BCC16 /* ViewController.swift */,
				E43D654D1D786E85004BCC16 /* Main.storyboard */,
				E43D65501D786E85004BCC16 /* Assets.xcassets */,
				E43D65521D786E85004BCC16 /* LaunchScreen.storyboard */,
				E43D65551D786E85004BCC16 /* Info.plist */,
			);
			path = ChatKeyboard;
			sourceTree = "<group>";
		};
		E43D655D1D786E85004BCC16 /* ChatKeyboardTests */ = {
			isa = PBXGroup;
			children = (
				E43D655E1D786E85004BCC16 /* ChatKeyboardTests.swift */,
				E43D65601D786E85004BCC16 /* Info.plist */,
			);
			path = ChatKeyboardTests;
			sourceTree = "<group>";
		};
/* End PBXGroup section */

/* Begin PBXNativeTarget section */
		E43D65451D786E85004BCC16 /* ChatKeyboard */ = {
			isa = PBXNativeTarget;
			buildConfigurationList = E43D65631D786E85004BCC16 /* Build configuration list for PBXNativeTarget "ChatKeyboard" */;
			buildPhases = (
				E43D65421D786E85004BCC16 /* Sources */,
				E43D65431D786E85004BCC16 /* Frameworks */,
				E43D65441D786E85004BCC16 /* Resources */,
			);
			buildRules = (
			);
			dependencies = (
			);
			name = ChatKeyboard;
			productName = ChatKeyboard;
			productReference = E43D65461D786E85004BCC16 /* ChatKeyboard.app */;
			productType = "com.apple.product-type.application";
		};
		E43D65591D786E85004BCC16 /* ChatKeyboardTests */ = {
			isa = PBXNativeTarget;
			buildConfigurationList = E43D65661D786E85004BCC16 /* Build configuration list for PBXNativeTarget "ChatKeyboardTests" */;
			buildPhases = (
				E43D65561D786E85004BCC16 /* Sources */,
				E43D65571D786E85004BCC16 /* Frameworks */,
				E43D65581D786E85004BCC16 /* Resources */,
			);
			buildRules = (
			);
			dependencies = (
				E43D655C1D786E85004BCC16 /* PBXTargetDependency */,
			);
			name = ChatKeyboardTests;
			productName = ChatKeyboardTests;
			productReference = E43D655A1D786E85004BCC16 /* ChatKeyboardTests.xctest */;
			productType = "com.apple.product-type.bundle.unit-test";
		};
/* End PBXNativeTarget section */

/* Begin PBXProject section */
		E43D653E1D786E85004BCC16 /* Project object */ = {
			isa = PBXProject;
			attributes = {
				LastSwiftUpdateCheck = 0730;
				LastUpgradeCheck = 0730;
				ORGANIZATIONNAME = "Andrew Murdoch";
				TargetAttributes = {
					E43D65451D786E85004BCC16 = {
						CreatedOnToolsVersion = 7.3.1;
					};
					E43D65591D786E85004BCC16 = {
						CreatedOnToolsVersion = 7.3.1;
						TestTargetID = E43D65451D786E85004BCC16;
					};
				};
			};
			buildConfigurationList = E43D65411D786E85004BCC16 /* Build configuration list for PBXProject "ChatKeyboard" */;
			compatibilityVersion = "Xcode 3.2";
			developmentRegion = English;
			hasScannedForEncodings = 0;
			knownRegions = (
				en,
				Base,
			);
			mainGroup = E43D653D1D786E85004BCC16;
			productRefGroup = E43D65471D786E85004BCC16 /* Products */;
			projectDirPath = "";
			projectRoot = "";
			targets = (
				E43D65451D786E85004BCC16 /* ChatKeyboard */,
				E43D65591D786E85004BCC16 /* ChatKeyboardTests */,
			);
		};
/* End PBXProject section */

/* Begin PBXResourcesBuildPhase section */
		E43D65441D786E85004BCC16 /* Resources */ = {
			isa = PBXResourcesBuildPhase;
			buildActionMask = 2147483647;
			files = (
				E43D65541D786E85004BCC16 /* LaunchScreen.storyboard in Resources */,
				E43D65511D786E85004BCC16 /* Assets.xcassets in Resources */,
				E43D654F1D786E85004BCC16 /* Main.storyboard in Resources */,
			);
			runOnlyForDeploymentPostprocessing = 0;
		};
		E43D65581D786E85004BCC16 /* Resources */ = {
			isa = PBXResourcesBuildPhase;
			buildActionMask = 2147483647;
			files = (
			);
			runOnlyForDeploymentPostprocessing = 0;
		};
/* End PBXResourcesBuildPhase section */

/* Begin PBXSourcesBuildPhase section */
		E43D65421D786E85004BCC16 /* Sources */ = {
			isa = PBXSourcesBuildPhase;
			buildActionMask = 2147483647;
			files = (
				E43D654C1D786E85004BCC16 /* ViewController.swift in Sources */,
				E43D654A1D786E85004BCC16 /* AppDelegate.swift in Sources */,
			);
			runOnlyForDeploymentPostprocessing = 0;
		};
		E43D65561D786E85004BCC16 /* Sources */ = {
			isa = PBXSourcesBuildPhase;
			buildActionMask = 2147483647;
			files = (
				E43D655F1D786E85004BCC16 /* ChatKeyboardTests.swift in Sources */,
			);
			runOnlyForDeploymentPostprocessing = 0;
		};
/* End PBXSourcesBuildPhase section */

/* Begin PBXTargetDependency section */
		E43D655C1D786E85004BCC16 /* PBXTargetDependency */ = {
			isa = PBXTargetDependency;
			target = E43D65451D786E85004BCC16 /* ChatKeyboard */;
			targetProxy = E43D655B1D786E85004BCC16 /* PBXContainerItemProxy */;
		};
/* End PBXTargetDependency section */

/* Begin PBXVariantGroup section */
		E43D654D1D786E85004BCC16 /* Main.storyboard */ = {
			isa = PBXVariantGroup;
			children = (
				E43D654E1D786E85004BCC16 /* Base */,
			);
			name = Main.storyboard;
			sourceTree = "<group>";
		};
		E43D65521D786E85004BCC16 /* LaunchScreen.storyboard */ = {
			isa = PBXVariantGroup;
			children = (
				E43D65531D786E85004BCC16 /* Base */,
			);
			name = LaunchScreen.storyboard;
			sourceTree = "<group>";
		};
/* End PBXVariantGroup section */

/* Begin XCBuildConfiguration section */
		E43D65611D786E85004BCC16 /* Debug */ = {
			isa = XCBuildConfiguration;
			buildSettings = {
				ALWAYS_SEARCH_USER_PATHS = NO;
				CLANG_ANALYZER_NONNULL = YES;
				CLANG_CXX_LANGUAGE_STANDARD = "gnu++0x";
				CLANG_CXX_LIBRARY = "libc++";
				CLANG_ENABLE_MODULES = YES;
				CLANG_ENABLE_OBJC_ARC = YES;
				CLANG_WARN_BOOL_CONVERSION = YES;
				CLANG_WARN_CONSTANT_CONVERSION = YES;
				CLANG_WARN_DIRECT_OBJC_ISA_USAGE = YES_ERROR;
				CLANG_WARN_EMPTY_BODY = YES;
				CLANG_WARN_ENUM_CONVERSION = YES;
				CLANG_WARN_INT_CONVERSION = YES;
				CLANG_WARN_OBJC_ROOT_CLASS = YES_ERROR;
				CLANG_WARN_UNREACHABLE_CODE = YES;
				CLANG_WARN__DUPLICATE_METHOD_MATCH = YES;
				"CODE_SIGN_IDENTITY[sdk=iphoneos*]" = "iPhone Developer";
				COPY_PHASE_STRIP = NO;
				DEBUG_INFORMATION_FORMAT = dwarf;
				ENABLE_STRICT_OBJC_MSGSEND = YES;
				ENABLE_TESTABILITY = YES;
				GCC_C_LANGUAGE_STANDARD = gnu99;
				GCC_DYNAMIC_NO_PIC = NO;
				GCC_NO_COMMON_BLOCKS = YES;
				GCC_OPTIMIZATION_LEVEL = 0;
				GCC_PREPROCESSOR_DEFINITIONS = (
					"DEBUG=1",
					"$(inherited)",
				);
				GCC_WARN_64_TO_32_BIT_CONVERSION = YES;
				GCC_WARN_ABOUT_RETURN_TYPE = YES_ERROR;
				GCC_WARN_UNDECLARED_SELECTOR = YES;
				GCC_WARN_UNINITIALIZED_AUTOS = YES_AGGRESSIVE;
				GCC_WARN_UNUSED_FUNCTION = YES;
				GCC_WARN_UNUSED_VARIABLE = YES;
				IPHONEOS_DEPLOYMENT_TARGET = 9.3;
				MTL_ENABLE_DEBUG_INFO = YES;
				ONLY_ACTIVE_ARCH = YES;
				SDKROOT = iphoneos;
				SWIFT_OPTIMIZATION_LEVEL = "-Onone";
				TARGETED_DEVICE_FAMILY = "1,2";
			};
			name = Debug;
		};
		E43D65621D786E85004BCC16 /* Release */ = {
			isa = XCBuildConfiguration;
			buildSettings = {
				ALWAYS_SEARCH_USER_PATHS = NO;
				CLANG_ANALYZER_NONNULL = YES;
				CLANG_CXX_LANGUAGE_STANDARD = "gnu++0x";
				CLANG_CXX_LIBRARY = "libc++";
				CLANG_ENABLE_MODULES = YES;
				CLANG_ENABLE_OBJC_ARC = YES;
				CLANG_WARN_BOOL_CONVERSION = YES;
				CLANG_WARN_CONSTANT_CONVERSION = YES;
				CLANG_WARN_DIRECT_OBJC_ISA_USAGE = YES_ERROR;
				CLANG_WARN_EMPTY_BODY = YES;
				CLANG_WARN_ENUM_CONVERSION = YES;
				CLANG_WARN_INT_CONVERSION = YES;
				CLANG_WARN_OBJC_ROOT_CLASS = YES_ERROR;
				CLANG_WARN_UNREACHABLE_CODE = YES;
				CLANG_WARN__DUPLICATE_METHOD_MATCH = YES;
				"CODE_SIGN_IDENTITY[sdk=iphoneos*]" = "iPhone Developer";
				COPY_PHASE_STRIP = NO;
				DEBUG_INFORMATION_FORMAT = "dwarf-with-dsym";
				ENABLE_NS_ASSERTIONS = NO;
				ENABLE_STRICT_OBJC_MSGSEND = YES;
				GCC_C_LANGUAGE_STANDARD = gnu99;
				GCC_NO_COMMON_BLOCKS = YES;
				GCC_WARN_64_TO_32_BIT_CONVERSION = YES;
				GCC_WARN_ABOUT_RETURN_TYPE = YES_ERROR;
				GCC_WARN_UNDECLARED_SELECTOR = YES;
				GCC_WARN_UNINITIALIZED_AUTOS = YES_AGGRESSIVE;
				GCC_WARN_UNUSED_FUNCTION = YES;
				GCC_WARN_UNUSED_VARIABLE = YES;
				IPHONEOS_DEPLOYMENT_TARGET = 9.3;
				MTL_ENABLE_DEBUG_INFO = NO;
				SDKROOT = iphoneos;
				TARGETED_DEVICE_FAMILY = "1,2";
				VALIDATE_PRODUCT = YES;
			};
			name = Release;
		};
		E43D65641D786E85004BCC16 /* Debug */ = {
			isa = XCBuildConfiguration;
			buildSettings = {
				ASSETCATALOG_COMPILER_APPICON_NAME = AppIcon;
				INFOPLIST_FILE = ChatKeyboard/Info.plist;
				LD_RUNPATH_SEARCH_PATHS = "$(inherited) @executable_path/Frameworks";
				PRODUCT_BUNDLE_IDENTIFIER = com.ChatKeyboard;
				PRODUCT_NAME = "$(TARGET_NAME)";
			};
			name = Debug;
		};
		E43D65651D786E85004BCC16 /* Release */ = {
			isa = XCBuildConfiguration;
			buildSettings = {
				ASSETCATALOG_COMPILER_APPICON_NAME = AppIcon;
				INFOPLIST_FILE = ChatKeyboard/Info.plist;
				LD_RUNPATH_SEARCH_PATHS = "$(inherited) @executable_path/Frameworks";
				PRODUCT_BUNDLE_IDENTIFIER = com.ChatKeyboard;
				PRODUCT_NAME = "$(TARGET_NAME)";
			};
			name = Release;
		};
		E43D65671D786E85004BCC16 /* Debug */ = {
			isa = XCBuildConfiguration;
			buildSettings = {
				BUNDLE_LOADER = "$(TEST_HOST)";
				INFOPLIST_FILE = ChatKeyboardTests/Info.plist;
				LD_RUNPATH_SEARCH_PATHS = "$(inherited) @executable_path/Frameworks @loader_path/Frameworks";
				PRODUCT_BUNDLE_IDENTIFIER = com.ChatKeyboardTests;
				PRODUCT_NAME = "$(TARGET_NAME)";
				TEST_HOST = "$(BUILT_PRODUCTS_DIR)/ChatKeyboard.app/ChatKeyboard";
			};
			name = Debug;
		};
		E43D65681D786E85004BCC16 /* Release */ = {
			isa = XCBuildConfiguration;
			buildSettings = {
				BUNDLE_LOADER = "$(TEST_HOST)";
				INFOPLIST_FILE = ChatKeyboardTests/Info.plist;
				LD_RUNPATH_SEARCH_PATHS = "$(inherited) @executable_path/Frameworks @loader_path/Frameworks";
				PRODUCT_BUNDLE_IDENTIFIER = com.ChatKeyboardTests;
				PRODUCT_NAME = "$(TARGET_NAME)";
				TEST_HOST = "$(BUILT_PRODUCTS_DIR)/ChatKeyboard.app/ChatKeyboard";
			};
			name = Release;
		};
/* End XCBuildConfiguration section */

/* Begin XCConfigurationList section */
		E43D65411D786E85004BCC16 /* Build configuration list for PBXProject "ChatKeyboard" */ = {
			isa = XCConfigurationList;
			buildConfigurations = (
				E43D65611D786E85004BCC16 /* Debug */,
				E43D65621D786E85004BCC16 /* Release */,
			);
			defaultConfigurationIsVisible = 0;
			defaultConfigurationName = Release;
		};
		E43D65631D786E85004BCC16 /* Build configuration list for PBXNativeTarget "ChatKeyboard" */ = {
			isa = XCConfigurationList;
			buildConfigurations = (
				E43D65641D786E85004BCC16 /* Debug */,
				E43D65651D786E85004BCC16 /* Release */,
			);
			defaultConfigurationIsVisible = 0;
		};
		E43D65661D786E85004BCC16 /* Build configuration list for PBXNativeTarget "ChatKeyboardTests" */ = {
			isa = XCConfigurationList;
			buildConfigurations = (
				E43D65671D786E85004BCC16 /* Debug */,
				E43D65681D786E85004BCC16 /* Release */,
			);
			defaultConfigurationIsVisible = 0;
		};
/* End XCConfigurationList section */
	};
	rootObject = E43D653E1D786E85004BCC16 /* Project object */;
}
