// !$*UTF8*$!
{
	archiveVersion = 1;
	classes = {
	};
	objectVersion = 46;
	objects = {

/* Begin PBXBuildFile section */
		DB31B4331A6ADA8600EB8837 /* main.m in Sources */ = {isa = PBXBuildFile; fileRef = DB31B4321A6ADA8600EB8837 /* main.m */; };
		DB31B4361A6ADA8600EB8837 /* AppDelegate.m in Sources */ = {isa = PBXBuildFile; fileRef = DB31B4351A6ADA8600EB8837 /* AppDelegate.m */; };
		DB31B4391A6ADA8600EB8837 /* ViewController.m in Sources */ = {isa = PBXBuildFile; fileRef = DB31B4381A6ADA8600EB8837 /* ViewController.m */; };
		DB31B43C1A6ADA8600EB8837 /* Main.storyboard in Resources */ = {isa = PBXBuildFile; fileRef = DB31B43A1A6ADA8600EB8837 /* Main.storyboard */; };
		DB31B43E1A6ADA8600EB8837 /* Images.xcassets in Resources */ = {isa = PBXBuildFile; fileRef = DB31B43D1A6ADA8600EB8837 /* Images.xcassets */; };
		DB31B4411A6ADA8600EB8837 /* LaunchScreen.xib in Resources */ = {isa = PBXBuildFile; fileRef = DB31B43F1A6ADA8600EB8837 /* LaunchScreen.xib */; };
		DB31B44D1A6ADA8600EB8837 /* ChatKeyboardTests.m in Sources */ = {isa = PBXBuildFile; fileRef = DB31B44C1A6ADA8600EB8837 /* ChatKeyboardTests.m */; };
/* End PBXBuildFile section */

/* Begin PBXContainerItemProxy section */
		DB31B4471A6ADA8600EB8837 /* PBXContainerItemProxy */ = {
			isa = PBXContainerItemProxy;
			containerPortal = DB31B4251A6ADA8600EB8837 /* Project object */;
			proxyType = 1;
			remoteGlobalIDString = DB31B42C1A6ADA8600EB8837;
			remoteInfo = ChatKeyboard;
		};
/* End PBXContainerItemProxy section */

/* Begin PBXFileReference section */
		DB31B42D1A6ADA8600EB8837 /* ChatKeyboard.app */ = {isa = PBXFileReference; explicitFileType = wrapper.application; includeInIndex = 0; path = ChatKeyboard.app; sourceTree = BUILT_PRODUCTS_DIR; };
		DB31B4311A6ADA8600EB8837 /* Info.plist */ = {isa = PBXFileReference; lastKnownFileType = text.plist.xml; path = Info.plist; sourceTree = "<group>"; };
		DB31B4321A6ADA8600EB8837 /* main.m */ = {isa = PBXFileReference; lastKnownFileType = sourcecode.c.objc; path = main.m; sourceTree = "<group>"; };
		DB31B4341A6ADA8600EB8837 /* AppDelegate.h */ = {isa = PBXFileReference; lastKnownFileType = sourcecode.c.h; path = AppDelegate.h; sourceTree = "<group>"; };
		DB31B4351A6ADA8600EB8837 /* AppDelegate.m */ = {isa = PBXFileReference; lastKnownFileType = sourcecode.c.objc; path = AppDelegate.m; sourceTree = "<group>"; };
		DB31B4371A6ADA8600EB8837 /* ViewController.h */ = {isa = PBXFileReference; lastKnownFileType = sourcecode.c.h; path = ViewController.h; sourceTree = "<group>"; };
		DB31B4381A6ADA8600EB8837 /* ViewController.m */ = {isa = PBXFileReference; lastKnownFileType = sourcecode.c.objc; path = ViewController.m; sourceTree = "<group>"; };
		DB31B43B1A6ADA8600EB8837 /* Base */ = {isa = PBXFileReference; lastKnownFileType = file.storyboard; name = Base; path = Base.lproj/Main.storyboard; sourceTree = "<group>"; };
		DB31B43D1A6ADA8600EB8837 /* Images.xcassets */ = {isa = PBXFileReference; lastKnownFileType = folder.assetcatalog; path = Images.xcassets; sourceTree = "<group>"; };
		DB31B4401A6ADA8600EB8837 /* Base */ = {isa = PBXFileReference; lastKnownFileType = file.xib; name = Base; path = Base.lproj/LaunchScreen.xib; sourceTree = "<group>"; };
		DB31B4461A6ADA8600EB8837 /* ChatKeyboardTests.xctest */ = {isa = PBXFileReference; explicitFileType = wrapper.cfbundle; includeInIndex = 0; path = ChatKeyboardTests.xctest; sourceTree = BUILT_PRODUCTS_DIR; };
		DB31B44B1A6ADA8600EB8837 /* Info.plist */ = {isa = PBXFileReference; lastKnownFileType = text.plist.xml; path = Info.plist; sourceTree = "<group>"; };
		DB31B44C1A6ADA8600EB8837 /* ChatKeyboardTests.m */ = {isa = PBXFileReference; lastKnownFileType = sourcecode.c.objc; path = ChatKeyboardTests.m; sourceTree = "<group>"; };
/* End PBXFileReference section */

/* Begin PBXFrameworksBuildPhase section */
		DB31B42A1A6ADA8600EB8837 /* Frameworks */ = {
			isa = PBXFrameworksBuildPhase;
			buildActionMask = 2147483647;
			files = (
			);
			runOnlyForDeploymentPostprocessing = 0;
		};
		DB31B4431A6ADA8600EB8837 /* Frameworks */ = {
			isa = PBXFrameworksBuildPhase;
			buildActionMask = 2147483647;
			files = (
			);
			runOnlyForDeploymentPostprocessing = 0;
		};
/* End PBXFrameworksBuildPhase section */

/* Begin PBXGroup section */
		DB31B4241A6ADA8600EB8837 = {
			isa = PBXGroup;
			children = (
				DB31B42F1A6ADA8600EB8837 /* ChatKeyboard */,
				DB31B4491A6ADA8600EB8837 /* ChatKeyboardTests */,
				DB31B42E1A6ADA8600EB8837 /* Products */,
			);
			sourceTree = "<group>";
		};
		DB31B42E1A6ADA8600EB8837 /* Products */ = {
			isa = PBXGroup;
			children = (
				DB31B42D1A6ADA8600EB8837 /* ChatKeyboard.app */,
				DB31B4461A6ADA8600EB8837 /* ChatKeyboardTests.xctest */,
			);
			name = Products;
			sourceTree = "<group>";
		};
		DB31B42F1A6ADA8600EB8837 /* ChatKeyboard */ = {
			isa = PBXGroup;
			children = (
				DB31B4341A6ADA8600EB8837 /* AppDelegate.h */,
				DB31B4351A6ADA8600EB8837 /* AppDelegate.m */,
				DB31B4371A6ADA8600EB8837 /* ViewController.h */,
				DB31B4381A6ADA8600EB8837 /* ViewController.m */,
				DB31B43A1A6ADA8600EB8837 /* Main.storyboard */,
				DB31B43D1A6ADA8600EB8837 /* Images.xcassets */,
				DB31B43F1A6ADA8600EB8837 /* LaunchScreen.xib */,
				DB31B4301A6ADA8600EB8837 /* Supporting Files */,
			);
			path = ChatKeyboard;
			sourceTree = "<group>";
		};
		DB31B4301A6ADA8600EB8837 /* Supporting Files */ = {
			isa = PBXGroup;
			children = (
				DB31B4311A6ADA8600EB8837 /* Info.plist */,
				DB31B4321A6ADA8600EB8837 /* main.m */,
			);
			name = "Supporting Files";
			sourceTree = "<group>";
		};
		DB31B4491A6ADA8600EB8837 /* ChatKeyboardTests */ = {
			isa = PBXGroup;
			children = (
				DB31B44C1A6ADA8600EB8837 /* ChatKeyboardTests.m */,
				DB31B44A1A6ADA8600EB8837 /* Supporting Files */,
			);
			path = ChatKeyboardTests;
			sourceTree = "<group>";
		};
		DB31B44A1A6ADA8600EB8837 /* Supporting Files */ = {
			isa = PBXGroup;
			children = (
				DB31B44B1A6ADA8600EB8837 /* Info.plist */,
			);
			name = "Supporting Files";
			sourceTree = "<group>";
		};
/* End PBXGroup section */

/* Begin PBXNativeTarget section */
		DB31B42C1A6ADA8600EB8837 /* ChatKeyboard */ = {
			isa = PBXNativeTarget;
			buildConfigurationList = DB31B4501A6ADA8600EB8837 /* Build configuration list for PBXNativeTarget "ChatKeyboard" */;
			buildPhases = (
				DB31B4291A6ADA8600EB8837 /* Sources */,
				DB31B42A1A6ADA8600EB8837 /* Frameworks */,
				DB31B42B1A6ADA8600EB8837 /* Resources */,
			);
			buildRules = (
			);
			dependencies = (
			);
			name = ChatKeyboard;
			productName = ChatKeyboard;
			productReference = DB31B42D1A6ADA8600EB8837 /* ChatKeyboard.app */;
			productType = "com.apple.product-type.application";
		};
		DB31B4451A6ADA8600EB8837 /* ChatKeyboardTests */ = {
			isa = PBXNativeTarget;
			buildConfigurationList = DB31B4531A6ADA8600EB8837 /* Build configuration list for PBXNativeTarget "ChatKeyboardTests" */;
			buildPhases = (
				DB31B4421A6ADA8600EB8837 /* Sources */,
				DB31B4431A6ADA8600EB8837 /* Frameworks */,
				DB31B4441A6ADA8600EB8837 /* Resources */,
			);
			buildRules = (
			);
			dependencies = (
				DB31B4481A6ADA8600EB8837 /* PBXTargetDependency */,
			);
			name = ChatKeyboardTests;
			productName = ChatKeyboardTests;
			productReference = DB31B4461A6ADA8600EB8837 /* ChatKeyboardTests.xctest */;
			productType = "com.apple.product-type.bundle.unit-test";
		};
/* End PBXNativeTarget section */

/* Begin PBXProject section */
		DB31B4251A6ADA8600EB8837 /* Project object */ = {
			isa = PBXProject;
			attributes = {
				LastUpgradeCheck = 0610;
				ORGANIZATIONNAME = "Andrew Murdoch";
				TargetAttributes = {
					DB31B42C1A6ADA8600EB8837 = {
						CreatedOnToolsVersion = 6.1.1;
					};
					DB31B4451A6ADA8600EB8837 = {
						CreatedOnToolsVersion = 6.1.1;
						TestTargetID = DB31B42C1A6ADA8600EB8837;
					};
				};
			};
			buildConfigurationList = DB31B4281A6ADA8600EB8837 /* Build configuration list for PBXProject "ChatKeyboard" */;
			compatibilityVersion = "Xcode 3.2";
			developmentRegion = English;
			hasScannedForEncodings = 0;
			knownRegions = (
				en,
				Base,
			);
			mainGroup = DB31B4241A6ADA8600EB8837;
			productRefGroup = DB31B42E1A6ADA8600EB8837 /* Products */;
			projectDirPath = "";
			projectRoot = "";
			targets = (
				DB31B42C1A6ADA8600EB8837 /* ChatKeyboard */,
				DB31B4451A6ADA8600EB8837 /* ChatKeyboardTests */,
			);
		};
/* End PBXProject section */

/* Begin PBXResourcesBuildPhase section */
		DB31B42B1A6ADA8600EB8837 /* Resources */ = {
			isa = PBXResourcesBuildPhase;
			buildActionMask = 2147483647;
			files = (
				DB31B43C1A6ADA8600EB8837 /* Main.storyboard in Resources */,
				DB31B4411A6ADA8600EB8837 /* LaunchScreen.xib in Resources */,
				DB31B43E1A6ADA8600EB8837 /* Images.xcassets in Resources */,
			);
			runOnlyForDeploymentPostprocessing = 0;
		};
		DB31B4441A6ADA8600EB8837 /* Resources */ = {
			isa = PBXResourcesBuildPhase;
			buildActionMask = 2147483647;
			files = (
			);
			runOnlyForDeploymentPostprocessing = 0;
		};
/* End PBXResourcesBuildPhase section */

/* Begin PBXSourcesBuildPhase section */
		DB31B4291A6ADA8600EB8837 /* Sources */ = {
			isa = PBXSourcesBuildPhase;
			buildActionMask = 2147483647;
			files = (
				DB31B4391A6ADA8600EB8837 /* ViewController.m in Sources */,
				DB31B4361A6ADA8600EB8837 /* AppDelegate.m in Sources */,
				DB31B4331A6ADA8600EB8837 /* main.m in Sources */,
			);
			runOnlyForDeploymentPostprocessing = 0;
		};
		DB31B4421A6ADA8600EB8837 /* Sources */ = {
			isa = PBXSourcesBuildPhase;
			buildActionMask = 2147483647;
			files = (
				DB31B44D1A6ADA8600EB8837 /* ChatKeyboardTests.m in Sources */,
			);
			runOnlyForDeploymentPostprocessing = 0;
		};
/* End PBXSourcesBuildPhase section */

/* Begin PBXTargetDependency section */
		DB31B4481A6ADA8600EB8837 /* PBXTargetDependency */ = {
			isa = PBXTargetDependency;
			target = DB31B42C1A6ADA8600EB8837 /* ChatKeyboard */;
			targetProxy = DB31B4471A6ADA8600EB8837 /* PBXContainerItemProxy */;
		};
/* End PBXTargetDependency section */

/* Begin PBXVariantGroup section */
		DB31B43A1A6ADA8600EB8837 /* Main.storyboard */ = {
			isa = PBXVariantGroup;
			children = (
				DB31B43B1A6ADA8600EB8837 /* Base */,
			);
			name = Main.storyboard;
			sourceTree = "<group>";
		};
		DB31B43F1A6ADA8600EB8837 /* LaunchScreen.xib */ = {
			isa = PBXVariantGroup;
			children = (
				DB31B4401A6ADA8600EB8837 /* Base */,
			);
			name = LaunchScreen.xib;
			sourceTree = "<group>";
		};
/* End PBXVariantGroup section */

/* Begin XCBuildConfiguration section */
		DB31B44E1A6ADA8600EB8837 /* Debug */ = {
			isa = XCBuildConfiguration;
			buildSettings = {
				ALWAYS_SEARCH_USER_PATHS = NO;
				CLANG_CXX_LANGUAGE_STANDARD = "gnu++0x";
				CLANG_CXX_LIBRARY = "libc++";
				CLANG_ENABLE_MODULES = YES;
				CLANG_ENABLE_OBJC_ARC = YES;
				CLANG_WARN_BOOL_CONVERSION = YES;
				CLANG_WARN_CONSTANT_CONVERSION = YES;
				CLANG_WARN_DIRECT_OBJC_ISA_USAGE = YES_ERROR;
				CLANG_WARN_EMPTY_BODY = YES;
				CLANG_WARN_ENUM_CONVERSION = YES;
				CLANG_WARN_INT_CONVERSION = YES;
				CLANG_WARN_OBJC_ROOT_CLASS = YES_ERROR;
				CLANG_WARN_UNREACHABLE_CODE = YES;
				CLANG_WARN__DUPLICATE_METHOD_MATCH = YES;
				"CODE_SIGN_IDENTITY[sdk=iphoneos*]" = "iPhone Developer";
				COPY_PHASE_STRIP = NO;
				ENABLE_STRICT_OBJC_MSGSEND = YES;
				GCC_C_LANGUAGE_STANDARD = gnu99;
				GCC_DYNAMIC_NO_PIC = NO;
				GCC_OPTIMIZATION_LEVEL = 0;
				GCC_PREPROCESSOR_DEFINITIONS = (
					"DEBUG=1",
					"$(inherited)",
				);
				GCC_SYMBOLS_PRIVATE_EXTERN = NO;
				GCC_WARN_64_TO_32_BIT_CONVERSION = YES;
				GCC_WARN_ABOUT_RETURN_TYPE = YES_ERROR;
				GCC_WARN_UNDECLARED_SELECTOR = YES;
				GCC_WARN_UNINITIALIZED_AUTOS = YES_AGGRESSIVE;
				GCC_WARN_UNUSED_FUNCTION = YES;
				GCC_WARN_UNUSED_VARIABLE = YES;
				IPHONEOS_DEPLOYMENT_TARGET = 7.0;
				MTL_ENABLE_DEBUG_INFO = YES;
				ONLY_ACTIVE_ARCH = YES;
				SDKROOT = iphoneos;
			};
			name = Debug;
		};
		DB31B44F1A6ADA8600EB8837 /* Release */ = {
			isa = XCBuildConfiguration;
			buildSettings = {
				ALWAYS_SEARCH_USER_PATHS = NO;
				CLANG_CXX_LANGUAGE_STANDARD = "gnu++0x";
				CLANG_CXX_LIBRARY = "libc++";
				CLANG_ENABLE_MODULES = YES;
				CLANG_ENABLE_OBJC_ARC = YES;
				CLANG_WARN_BOOL_CONVERSION = YES;
				CLANG_WARN_CONSTANT_CONVERSION = YES;
				CLANG_WARN_DIRECT_OBJC_ISA_USAGE = YES_ERROR;
				CLANG_WARN_EMPTY_BODY = YES;
				CLANG_WARN_ENUM_CONVERSION = YES;
				CLANG_WARN_INT_CONVERSION = YES;
				CLANG_WARN_OBJC_ROOT_CLASS = YES_ERROR;
				CLANG_WARN_UNREACHABLE_CODE = YES;
				CLANG_WARN__DUPLICATE_METHOD_MATCH = YES;
				"CODE_SIGN_IDENTITY[sdk=iphoneos*]" = "iPhone Developer";
				COPY_PHASE_STRIP = YES;
				ENABLE_NS_ASSERTIONS = NO;
				ENABLE_STRICT_OBJC_MSGSEND = YES;
				GCC_C_LANGUAGE_STANDARD = gnu99;
				GCC_WARN_64_TO_32_BIT_CONVERSION = YES;
				GCC_WARN_ABOUT_RETURN_TYPE = YES_ERROR;
				GCC_WARN_UNDECLARED_SELECTOR = YES;
				GCC_WARN_UNINITIALIZED_AUTOS = YES_AGGRESSIVE;
				GCC_WARN_UNUSED_FUNCTION = YES;
				GCC_WARN_UNUSED_VARIABLE = YES;
				IPHONEOS_DEPLOYMENT_TARGET = 7.0;
				MTL_ENABLE_DEBUG_INFO = NO;
				SDKROOT = iphoneos;
				VALIDATE_PRODUCT = YES;
			};
			name = Release;
		};
		DB31B4511A6ADA8600EB8837 /* Debug */ = {
			isa = XCBuildConfiguration;
			buildSettings = {
				ASSETCATALOG_COMPILER_APPICON_NAME = AppIcon;
				INFOPLIST_FILE = ChatKeyboard/Info.plist;
				IPHONEOS_DEPLOYMENT_TARGET = 7.0;
				LD_RUNPATH_SEARCH_PATHS = "$(inherited) @executable_path/Frameworks";
				PRODUCT_NAME = "$(TARGET_NAME)";
			};
			name = Debug;
		};
		DB31B4521A6ADA8600EB8837 /* Release */ = {
			isa = XCBuildConfiguration;
			buildSettings = {
				ASSETCATALOG_COMPILER_APPICON_NAME = AppIcon;
				INFOPLIST_FILE = ChatKeyboard/Info.plist;
				IPHONEOS_DEPLOYMENT_TARGET = 7.0;
				LD_RUNPATH_SEARCH_PATHS = "$(inherited) @executable_path/Frameworks";
				PRODUCT_NAME = "$(TARGET_NAME)";
			};
			name = Release;
		};
		DB31B4541A6ADA8600EB8837 /* Debug */ = {
			isa = XCBuildConfiguration;
			buildSettings = {
				BUNDLE_LOADER = "$(TEST_HOST)";
				FRAMEWORK_SEARCH_PATHS = (
					"$(SDKROOT)/Developer/Library/Frameworks",
					"$(inherited)",
				);
				GCC_PREPROCESSOR_DEFINITIONS = (
					"DEBUG=1",
					"$(inherited)",
				);
				INFOPLIST_FILE = ChatKeyboardTests/Info.plist;
				LD_RUNPATH_SEARCH_PATHS = "$(inherited) @executable_path/Frameworks @loader_path/Frameworks";
				PRODUCT_NAME = "$(TARGET_NAME)";
				TEST_HOST = "$(BUILT_PRODUCTS_DIR)/ChatKeyboard.app/ChatKeyboard";
			};
			name = Debug;
		};
		DB31B4551A6ADA8600EB8837 /* Release */ = {
			isa = XCBuildConfiguration;
			buildSettings = {
				BUNDLE_LOADER = "$(TEST_HOST)";
				FRAMEWORK_SEARCH_PATHS = (
					"$(SDKROOT)/Developer/Library/Frameworks",
					"$(inherited)",
				);
				INFOPLIST_FILE = ChatKeyboardTests/Info.plist;
				LD_RUNPATH_SEARCH_PATHS = "$(inherited) @executable_path/Frameworks @loader_path/Frameworks";
				PRODUCT_NAME = "$(TARGET_NAME)";
				TEST_HOST = "$(BUILT_PRODUCTS_DIR)/ChatKeyboard.app/ChatKeyboard";
			};
			name = Release;
		};
/* End XCBuildConfiguration section */

/* Begin XCConfigurationList section */
		DB31B4281A6ADA8600EB8837 /* Build configuration list for PBXProject "ChatKeyboard" */ = {
			isa = XCConfigurationList;
			buildConfigurations = (
				DB31B44E1A6ADA8600EB8837 /* Debug */,
				DB31B44F1A6ADA8600EB8837 /* Release */,
			);
			defaultConfigurationIsVisible = 0;
			defaultConfigurationName = Release;
		};
		DB31B4501A6ADA8600EB8837 /* Build configuration list for PBXNativeTarget "ChatKeyboard" */ = {
			isa = XCConfigurationList;
			buildConfigurations = (
				DB31B4511A6ADA8600EB8837 /* Debug */,
				DB31B4521A6ADA8600EB8837 /* Release */,
			);
			defaultConfigurationIsVisible = 0;
		};
		DB31B4531A6ADA8600EB8837 /* Build configuration list for PBXNativeTarget "ChatKeyboardTests" */ = {
			isa = XCConfigurationList;
			buildConfigurations = (
				DB31B4541A6ADA8600EB8837 /* Debug */,
				DB31B4551A6ADA8600EB8837 /* Release */,
			);
			defaultConfigurationIsVisible = 0;
		};
/* End XCConfigurationList section */
	};
	rootObject = DB31B4251A6ADA8600EB8837 /* Project object */;
}
